// !$*UTF8*$!
{
	archiveVersion = 1;
	classes = {
	};
	objectVersion = 56;
	objects = {

/* Begin PBXBuildFile section */
		921197F7300879E1008AB802 /* Lottie in Frameworks */ = {isa = PBXBuildFile; productRef = 921197F6300879E1008AB802 /* Lottie */; };
		BF52788E301362B700D53B2B /* AccountView.swift in Sources */ = {isa = PBXBuildFile; fileRef = 9252788E301362B700D53B2B /* AccountView.swift */; };
		BF527890301362B700D53B2B /* ActivityView.swift in Sources */ = {isa = PBXBuildFile; fileRef = 92527890301362B700D53B2B /* ActivityView.swift */; };
		BF527891301362B700D53B2B /* BodyView.swift in Sources */ = {isa = PBXBuildFile; fileRef = 92527891301362B700D53B2B /* BodyView.swift */; };
		BF527892301362B700D53B2B /* GaugeView.swift in Sources */ = {isa = PBXBuildFile; fileRef = 92527892301362B700D53B2B /* GaugeView.swift */; };
		BF527893301362B700D53B2B /* HealthCardHelpers.swift in Sources */ = {isa = PBXBuildFile; fileRef = 92527893301362B700D53B2B /* HealthCardHelpers.swift */; };
		BF527894301362B700D53B2B /* HealthGridView.swift in Sources */ = {isa = PBXBuildFile; fileRef = 92527894301362B700D53B2B /* HealthGridView.swift */; };
		BF527895301362B700D53B2B /* MiniBarsView.swift in Sources */ = {isa = PBXBuildFile; fileRef = 92527895301362B700D53B2B /* MiniBarsView.swift */; };
		BF527896301362B700D53B2B /* RangeView.swift in Sources */ = {isa = PBXBuildFile; fileRef = 92527896301362B700D53B2B /* RangeView.swift */; };
		BF527897301362B700D53B2B /* SleepView.swift in Sources */ = {isa = PBXBuildFile; fileRef = 92527897301362B700D53B2B /* SleepView.swift */; };
		BF527898301362B700D53B2B /* TrainingAssessmentView.swift in Sources */ = {isa = PBXBuildFile; fileRef = 92527898301362B700D53B2B /* TrainingAssessmentView.swift */; };
		BF527899301362B700D53B2B /* TrainingLoadView.swift in Sources */ = {isa = PBXBuildFile; fileRef = 92527899301362B700D53B2B /* TrainingLoadView.swift */; };
		BF52789A301362B700D53B2B /* TrendView.swift in Sources */ = {isa = PBXBuildFile; fileRef = 9252789A301362B700D53B2B /* TrendView.swift */; };
		BF52789B301362B700D53B2B /* WeeklyPlanView.swift in Sources */ = {isa = PBXBuildFile; fileRef = 9252789B301362B700D53B2B /* WeeklyPlanView.swift */; };
		BF52789D301362B700D53B2B /* HeroArcView.swift in Sources */ = {isa = PBXBuildFile; fileRef = 9252789D301362B700D53B2B /* HeroArcView.swift */; };
		BF52789E301362B700D53B2B /* HeroTopRow.swift in Sources */ = {isa = PBXBuildFile; fileRef = 9252789E301362B700D53B2B /* HeroTopRow.swift */; };
		BF52789F301362B700D53B2B /* ScenarioPickerView.swift in Sources */ = {isa = PBXBuildFile; fileRef = 9252789F301362B700D53B2B /* ScenarioPickerView.swift */; };
		BF5278A0301362B700D53B2B /* ScrollViewPanObserver.swift in Sources */ = {isa = PBXBuildFile; fileRef = 925278A0301362B700D53B2B /* ScrollViewPanObserver.swift */; };

		BF5278A3301362B700D53B2B /* HealthDetailView.swift in Sources */ = {isa = PBXBuildFile; fileRef = 925278A3301362B700D53B2B /* HealthDetailView.swift */; };
		BF5278A5301362B700D53B2B /* HealthCardEditor.swift in Sources */ = {isa = PBXBuildFile; fileRef = 925278A5301362B700D53B2B /* HealthCardEditor.swift */; };
		BF5278A6301362B700D53B2B /* ScrollViewAccessor.swift in Sources */ = {isa = PBXBuildFile; fileRef = 925278A6301362B700D53B2B /* ScrollViewAccessor.swift */; };
		BF5278A8301362B700D53B2B /* HealthCard.swift in Sources */ = {isa = PBXBuildFile; fileRef = 925278A8301362B700D53B2B /* HealthCard.swift */; };
		BF5278A9301362B700D53B2B /* HealthDashboardView.swift in Sources */ = {isa = PBXBuildFile; fileRef = 925278A9301362B700D53B2B /* HealthDashboardView.swift */; };
		BF5278AA301362B700D53B2B /* HealthDashboardViewModel.swift in Sources */ = {isa = PBXBuildFile; fileRef = 925278AA301362B700D53B2B /* HealthDashboardViewModel.swift */; };

		BF5278AD301362B700D53B2B /* ExplorePlaceholderView.swift in Sources */ = {isa = PBXBuildFile; fileRef = 925278AD301362B700D53B2B /* ExplorePlaceholderView.swift */; };
		BF5278AE301362B700D53B2B /* MainTabsView.swift in Sources */ = {isa = PBXBuildFile; fileRef = 925278AE301362B700D53B2B /* MainTabsView.swift */; };
		BF5278AF301362B700D53B2B /* RecordsPlaceholderView.swift in Sources */ = {isa = PBXBuildFile; fileRef = 925278AF301362B700D53B2B /* RecordsPlaceholderView.swift */; };
		BF5278B1301362B700D53B2B /* AuthColors.swift in Sources */ = {isa = PBXBuildFile; fileRef = 925278B1301362B700D53B2B /* AuthColors.swift */; };
		BF5278B2301362B700D53B2B /* AuthComponents.swift in Sources */ = {isa = PBXBuildFile; fileRef = 925278B2301362B700D53B2B /* AuthComponents.swift */; };
		BF5278B3301362B700D53B2B /* LegalContent.swift in Sources */ = {isa = PBXBuildFile; fileRef = 925278B3301362B700D53B2B /* LegalContent.swift */; };
		BF5278B4301362B700D53B2B /* SnackbarView.swift in Sources */ = {isa = PBXBuildFile; fileRef = 925278B4301362B700D53B2B /* SnackbarView.swift */; };
		BF5278B6301362B700D53B2B /* EmailRegisterView.swift in Sources */ = {isa = PBXBuildFile; fileRef = 925278B6301362B700D53B2B /* EmailRegisterView.swift */; };
		BF5278B7301362B700D53B2B /* EntranceView.swift in Sources */ = {isa = PBXBuildFile; fileRef = 925278B7301362B700D53B2B /* EntranceView.swift */; };
		BF5278B8301362B700D53B2B /* ForgotPasswordView.swift in Sources */ = {isa = PBXBuildFile; fileRef = 925278B8301362B700D53B2B /* ForgotPasswordView.swift */; };
		BF5278B9301362B700D53B2B /* LegalDocumentView.swift in Sources */ = {isa = PBXBuildFile; fileRef = 925278B9301362B700D53B2B /* LegalDocumentView.swift */; };
		BF5278BA301362B700D53B2B /* LoginPageView.swift in Sources */ = {isa = PBXBuildFile; fileRef = 925278BA301362B700D53B2B /* LoginPageView.swift */; };
		BF5278BB301362B700D53B2B /* PasswordSetupView.swift in Sources */ = {isa = PBXBuildFile; fileRef = 925278BB301362B700D53B2B /* PasswordSetupView.swift */; };
		BF5278BC301362B700D53B2B /* PhoneRegisterView.swift in Sources */ = {isa = PBXBuildFile; fileRef = 925278BC301362B700D53B2B /* PhoneRegisterView.swift */; };
		BF5278BD301362B700D53B2B /* ProfileCompletionView.swift in Sources */ = {isa = PBXBuildFile; fileRef = 925278BD301362B700D53B2B /* ProfileCompletionView.swift */; };
		BF5278BE301362B700D53B2B /* ResetPasswordView.swift in Sources */ = {isa = PBXBuildFile; fileRef = 925278BE301362B700D53B2B /* ResetPasswordView.swift */; };
		BF5278BF301362B700D53B2B /* SignedInView.swift in Sources */ = {isa = PBXBuildFile; fileRef = 925278BF301362B700D53B2B /* SignedInView.swift */; };
		BF5278C0301362B700D53B2B /* VerifyCodeView.swift in Sources */ = {isa = PBXBuildFile; fileRef = 925278C0301362B700D53B2B /* VerifyCodeView.swift */; };
		BF5278C2301362B700D53B2B /* AuthCoordinator.swift in Sources */ = {isa = PBXBuildFile; fileRef = 925278C2301362B700D53B2B /* AuthCoordinator.swift */; };
		BF5278C3301362B700D53B2B /* LoginViewModel.swift in Sources */ = {isa = PBXBuildFile; fileRef = 925278C3301362B700D53B2B /* LoginViewModel.swift */; };
		BF5278C4301362B700D53B2B /* SharedLoginAdapter.swift in Sources */ = {isa = PBXBuildFile; fileRef = 925278C4301362B700D53B2B /* SharedLoginAdapter.swift */; };
		BF5278C9301362B700D53B2B /* AppResources.swift in Sources */ = {isa = PBXBuildFile; fileRef = 925278C9301362B700D53B2B /* AppResources.swift */; };
		BF5278CF301362B700D53B2B /* ContentView.swift in Sources */ = {isa = PBXBuildFile; fileRef = 925278CF301362B700D53B2B /* ContentView.swift */; };
		BF5278D0301362B700D53B2B /* IOSDemoApp.swift in Sources */ = {isa = PBXBuildFile; fileRef = 925278D0301362B700D53B2B /* IOSDemoApp.swift */; };
		BF5278C6301362B700D53B2B /* COROS-APP-Bold.ttf in Resources */ = {isa = PBXBuildFile; fileRef = 925278C6301362B700D53B2B /* COROS-APP-Bold.ttf */; };
		BF5278C7301362B700D53B2B /* COROS-APP-Regular.ttf in Resources */ = {isa = PBXBuildFile; fileRef = 925278C7301362B700D53B2B /* COROS-APP-Regular.ttf */; };
		BF5278CA301362B700D53B2B /* home.mp4 in Resources */ = {isa = PBXBuildFile; fileRef = 925278CA301362B700D53B2B /* home.mp4 */; };
		BF5278CB301362B700D53B2B /* Localizable.xcstrings in Resources */ = {isa = PBXBuildFile; fileRef = 925278CB301362B700D53B2B /* Localizable.xcstrings */; };
		BF5278CC301362B700D53B2B /* watch_status.json in Resources */ = {isa = PBXBuildFile; fileRef = 925278CC301362B700D53B2B /* watch_status.json */; };
		BF5278CE301362B700D53B2B /* Assets.xcassets in Resources */ = {isa = PBXBuildFile; fileRef = 925278CE301362B700D53B2B /* Assets.xcassets */; };
		BF5278D1301362B700D53B2B /* LaunchScreen.storyboard in Resources */ = {isa = PBXBuildFile; fileRef = 925278D1301362B700D53B2B /* LaunchScreen.storyboard */; };
/* End PBXBuildFile section */

/* Begin PBXFileReference section */
		9252788E301362B700D53B2B /* AccountView.swift */ = {isa = PBXFileReference; lastKnownFileType = sourcecode.swift; path = AccountView.swift; sourceTree = "<group>"; };
		92527890301362B700D53B2B /* ActivityView.swift */ = {isa = PBXFileReference; lastKnownFileType = sourcecode.swift; path = ActivityView.swift; sourceTree = "<group>"; };
		92527891301362B700D53B2B /* BodyView.swift */ = {isa = PBXFileReference; lastKnownFileType = sourcecode.swift; path = BodyView.swift; sourceTree = "<group>"; };
		92527892301362B700D53B2B /* GaugeView.swift */ = {isa = PBXFileReference; lastKnownFileType = sourcecode.swift; path = GaugeView.swift; sourceTree = "<group>"; };
		92527893301362B700D53B2B /* HealthCardHelpers.swift */ = {isa = PBXFileReference; lastKnownFileType = sourcecode.swift; path = HealthCardHelpers.swift; sourceTree = "<group>"; };
		92527894301362B700D53B2B /* HealthGridView.swift */ = {isa = PBXFileReference; lastKnownFileType = sourcecode.swift; path = HealthGridView.swift; sourceTree = "<group>"; };
		92527895301362B700D53B2B /* MiniBarsView.swift */ = {isa = PBXFileReference; lastKnownFileType = sourcecode.swift; path = MiniBarsView.swift; sourceTree = "<group>"; };
		92527896301362B700D53B2B /* RangeView.swift */ = {isa = PBXFileReference; lastKnownFileType = sourcecode.swift; path = RangeView.swift; sourceTree = "<group>"; };
		92527897301362B700D53B2B /* SleepView.swift */ = {isa = PBXFileReference; lastKnownFileType = sourcecode.swift; path = SleepView.swift; sourceTree = "<group>"; };
		92527898301362B700D53B2B /* TrainingAssessmentView.swift */ = {isa = PBXFileReference; lastKnownFileType = sourcecode.swift; path = TrainingAssessmentView.swift; sourceTree = "<group>"; };
		92527899301362B700D53B2B /* TrainingLoadView.swift */ = {isa = PBXFileReference; lastKnownFileType = sourcecode.swift; path = TrainingLoadView.swift; sourceTree = "<group>"; };
		9252789A301362B700D53B2B /* TrendView.swift */ = {isa = PBXFileReference; lastKnownFileType = sourcecode.swift; path = TrendView.swift; sourceTree = "<group>"; };
		9252789B301362B700D53B2B /* WeeklyPlanView.swift */ = {isa = PBXFileReference; lastKnownFileType = sourcecode.swift; path = WeeklyPlanView.swift; sourceTree = "<group>"; };
		9252789D301362B700D53B2B /* HeroArcView.swift */ = {isa = PBXFileReference; lastKnownFileType = sourcecode.swift; path = HeroArcView.swift; sourceTree = "<group>"; };
		9252789E301362B700D53B2B /* HeroTopRow.swift */ = {isa = PBXFileReference; lastKnownFileType = sourcecode.swift; path = HeroTopRow.swift; sourceTree = "<group>"; };
		9252789F301362B700D53B2B /* ScenarioPickerView.swift */ = {isa = PBXFileReference; lastKnownFileType = sourcecode.swift; path = ScenarioPickerView.swift; sourceTree = "<group>"; };
		925278A0301362B700D53B2B /* ScrollViewPanObserver.swift */ = {isa = PBXFileReference; lastKnownFileType = sourcecode.swift; path = ScrollViewPanObserver.swift; sourceTree = "<group>"; };
		925278A3301362B700D53B2B /* HealthDetailView.swift */ = {isa = PBXFileReference; lastKnownFileType = sourcecode.swift; path = HealthDetailView.swift; sourceTree = "<group>"; };
		925278A5301362B700D53B2B /* HealthCardEditor.swift */ = {isa = PBXFileReference; lastKnownFileType = sourcecode.swift; path = HealthCardEditor.swift; sourceTree = "<group>"; };
		925278A6301362B700D53B2B /* ScrollViewAccessor.swift */ = {isa = PBXFileReference; lastKnownFileType = sourcecode.swift; path = ScrollViewAccessor.swift; sourceTree = "<group>"; };
		925278A8301362B700D53B2B /* HealthCard.swift */ = {isa = PBXFileReference; lastKnownFileType = sourcecode.swift; path = HealthCard.swift; sourceTree = "<group>"; };
		925278A9301362B700D53B2B /* HealthDashboardView.swift */ = {isa = PBXFileReference; lastKnownFileType = sourcecode.swift; path = HealthDashboardView.swift; sourceTree = "<group>"; };
		925278AA301362B700D53B2B /* HealthDashboardViewModel.swift */ = {isa = PBXFileReference; lastKnownFileType = sourcecode.swift; path = HealthDashboardViewModel.swift; sourceTree = "<group>"; };
		925278AD301362B700D53B2B /* ExplorePlaceholderView.swift */ = {isa = PBXFileReference; lastKnownFileType = sourcecode.swift; path = ExplorePlaceholderView.swift; sourceTree = "<group>"; };
		925278AE301362B700D53B2B /* MainTabsView.swift */ = {isa = PBXFileReference; lastKnownFileType = sourcecode.swift; path = MainTabsView.swift; sourceTree = "<group>"; };
		925278AF301362B700D53B2B /* RecordsPlaceholderView.swift */ = {isa = PBXFileReference; lastKnownFileType = sourcecode.swift; path = RecordsPlaceholderView.swift; sourceTree = "<group>"; };
		925278B1301362B700D53B2B /* AuthColors.swift */ = {isa = PBXFileReference; lastKnownFileType = sourcecode.swift; path = AuthColors.swift; sourceTree = "<group>"; };
		925278B2301362B700D53B2B /* AuthComponents.swift */ = {isa = PBXFileReference; lastKnownFileType = sourcecode.swift; path = AuthComponents.swift; sourceTree = "<group>"; };
		925278B3301362B700D53B2B /* LegalContent.swift */ = {isa = PBXFileReference; lastKnownFileType = sourcecode.swift; path = LegalContent.swift; sourceTree = "<group>"; };
		925278B4301362B700D53B2B /* SnackbarView.swift */ = {isa = PBXFileReference; lastKnownFileType = sourcecode.swift; path = SnackbarView.swift; sourceTree = "<group>"; };
		925278B6301362B700D53B2B /* EmailRegisterView.swift */ = {isa = PBXFileReference; lastKnownFileType = sourcecode.swift; path = EmailRegisterView.swift; sourceTree = "<group>"; };
		925278B7301362B700D53B2B /* EntranceView.swift */ = {isa = PBXFileReference; lastKnownFileType = sourcecode.swift; path = EntranceView.swift; sourceTree = "<group>"; };
		925278B8301362B700D53B2B /* ForgotPasswordView.swift */ = {isa = PBXFileReference; lastKnownFileType = sourcecode.swift; path = ForgotPasswordView.swift; sourceTree = "<group>"; };
		925278B9301362B700D53B2B /* LegalDocumentView.swift */ = {isa = PBXFileReference; lastKnownFileType = sourcecode.swift; path = LegalDocumentView.swift; sourceTree = "<group>"; };
		925278BA301362B700D53B2B /* LoginPageView.swift */ = {isa = PBXFileReference; lastKnownFileType = sourcecode.swift; path = LoginPageView.swift; sourceTree = "<group>"; };
		925278BB301362B700D53B2B /* PasswordSetupView.swift */ = {isa = PBXFileReference; lastKnownFileType = sourcecode.swift; path = PasswordSetupView.swift; sourceTree = "<group>"; };
		925278BC301362B700D53B2B /* PhoneRegisterView.swift */ = {isa = PBXFileReference; lastKnownFileType = sourcecode.swift; path = PhoneRegisterView.swift; sourceTree = "<group>"; };
		925278BD301362B700D53B2B /* ProfileCompletionView.swift */ = {isa = PBXFileReference; lastKnownFileType = sourcecode.swift; path = ProfileCompletionView.swift; sourceTree = "<group>"; };
		925278BE301362B700D53B2B /* ResetPasswordView.swift */ = {isa = PBXFileReference; lastKnownFileType = sourcecode.swift; path = ResetPasswordView.swift; sourceTree = "<group>"; };
		925278BF301362B700D53B2B /* SignedInView.swift */ = {isa = PBXFileReference; lastKnownFileType = sourcecode.swift; path = SignedInView.swift; sourceTree = "<group>"; };
		925278C0301362B700D53B2B /* VerifyCodeView.swift */ = {isa = PBXFileReference; lastKnownFileType = sourcecode.swift; path = VerifyCodeView.swift; sourceTree = "<group>"; };
		925278C2301362B700D53B2B /* AuthCoordinator.swift */ = {isa = PBXFileReference; lastKnownFileType = sourcecode.swift; path = AuthCoordinator.swift; sourceTree = "<group>"; };
		925278C3301362B700D53B2B /* LoginViewModel.swift */ = {isa = PBXFileReference; lastKnownFileType = sourcecode.swift; path = LoginViewModel.swift; sourceTree = "<group>"; };
		925278C4301362B700D53B2B /* SharedLoginAdapter.swift */ = {isa = PBXFileReference; lastKnownFileType = sourcecode.swift; path = SharedLoginAdapter.swift; sourceTree = "<group>"; };
		925278C6301362B700D53B2B /* COROS-APP-Bold.ttf */ = {isa = PBXFileReference; lastKnownFileType = file; path = "COROS-APP-Bold.ttf"; sourceTree = "<group>"; };
		925278C7301362B700D53B2B /* COROS-APP-Regular.ttf */ = {isa = PBXFileReference; lastKnownFileType = file; path = "COROS-APP-Regular.ttf"; sourceTree = "<group>"; };
		925278C9301362B700D53B2B /* AppResources.swift */ = {isa = PBXFileReference; lastKnownFileType = sourcecode.swift; path = AppResources.swift; sourceTree = "<group>"; };
		925278CA301362B700D53B2B /* home.mp4 */ = {isa = PBXFileReference; lastKnownFileType = file; path = home.mp4; sourceTree = "<group>"; };
		925278CB301362B700D53B2B /* Localizable.xcstrings */ = {isa = PBXFileReference; lastKnownFileType = text.json.xcstrings; path = Localizable.xcstrings; sourceTree = "<group>"; };
		925278CC301362B700D53B2B /* watch_status.json */ = {isa = PBXFileReference; lastKnownFileType = text.json; path = watch_status.json; sourceTree = "<group>"; };
		925278CE301362B700D53B2B /* Assets.xcassets */ = {isa = PBXFileReference; lastKnownFileType = folder.assetcatalog; path = Assets.xcassets; sourceTree = "<group>"; };
		925278CF301362B700D53B2B /* ContentView.swift */ = {isa = PBXFileReference; lastKnownFileType = sourcecode.swift; path = ContentView.swift; sourceTree = "<group>"; };
		925278D0301362B700D53B2B /* IOSDemoApp.swift */ = {isa = PBXFileReference; lastKnownFileType = sourcecode.swift; path = IOSDemoApp.swift; sourceTree = "<group>"; };
		925278D1301362B700D53B2B /* LaunchScreen.storyboard */ = {isa = PBXFileReference; lastKnownFileType = file.storyboard; path = LaunchScreen.storyboard; sourceTree = "<group>"; };
		A20000000000000000000007 /* IOSDemo.app */ = {isa = PBXFileReference; explicitFileType = wrapper.application; includeInIndex = 0; path = IOSDemo.app; sourceTree = BUILT_PRODUCTS_DIR; };
/* End PBXFileReference section */

/* Begin PBXFrameworksBuildPhase section */
		A30000000000000000000001 /* Frameworks */ = {
			isa = PBXFrameworksBuildPhase;
			buildActionMask = 2147483647;
			files = (
				921197F7300879E1008AB802 /* Lottie in Frameworks */,
			);
			runOnlyForDeploymentPostprocessing = 0;
		};
/* End PBXFrameworksBuildPhase section */

/* Begin PBXGroup section */
		9252788F301362B700D53B2B /* Account */ = {
			isa = PBXGroup;
			children = (
				9252788E301362B700D53B2B /* AccountView.swift */,
			);
			path = Account;
			sourceTree = "<group>";
		};
		9252789C301362B700D53B2B /* Visuals */ = {
			isa = PBXGroup;
			children = (
				92527890301362B700D53B2B /* ActivityView.swift */,
				92527891301362B700D53B2B /* BodyView.swift */,
				92527892301362B700D53B2B /* GaugeView.swift */,
				92527893301362B700D53B2B /* HealthCardHelpers.swift */,
				92527894301362B700D53B2B /* HealthGridView.swift */,
				92527895301362B700D53B2B /* MiniBarsView.swift */,
				92527896301362B700D53B2B /* RangeView.swift */,
				92527897301362B700D53B2B /* SleepView.swift */,
				92527898301362B700D53B2B /* TrainingAssessmentView.swift */,
				92527899301362B700D53B2B /* TrainingLoadView.swift */,
				9252789A301362B700D53B2B /* TrendView.swift */,
				9252789B301362B700D53B2B /* WeeklyPlanView.swift */,
			);
			path = Visuals;
			sourceTree = "<group>";
		};
		925278A2301362B700D53B2B /* Components */ = {
			isa = PBXGroup;
			children = (
				9252789C301362B700D53B2B /* Visuals */,
				9252789D301362B700D53B2B /* HeroArcView.swift */,
				9252789E301362B700D53B2B /* HeroTopRow.swift */,
				9252789F301362B700D53B2B /* ScenarioPickerView.swift */,
				925278A0301362B700D53B2B /* ScrollViewPanObserver.swift */,
			);
			path = Components;
			sourceTree = "<group>";
		};
		925278A4301362B700D53B2B /* Detail */ = {
			isa = PBXGroup;
			children = (
				925278A3301362B700D53B2B /* HealthDetailView.swift */,
			);
			path = Detail;
			sourceTree = "<group>";
		};
		925278A7301362B700D53B2B /* Editor */ = {
			isa = PBXGroup;
			children = (
				925278A5301362B700D53B2B /* HealthCardEditor.swift */,
				925278A6301362B700D53B2B /* ScrollViewAccessor.swift */,
			);
			path = Editor;
			sourceTree = "<group>";
		};
		925278AC301362B700D53B2B /* Health */ = {
			isa = PBXGroup;
			children = (
				925278A2301362B700D53B2B /* Components */,
				925278A4301362B700D53B2B /* Detail */,
				925278A7301362B700D53B2B /* Editor */,
				925278A8301362B700D53B2B /* HealthCard.swift */,
				925278A9301362B700D53B2B /* HealthDashboardView.swift */,
				925278AA301362B700D53B2B /* HealthDashboardViewModel.swift */,
			);
			path = Health;
			sourceTree = "<group>";
		};
		925278B0301362B700D53B2B /* Home */ = {
			isa = PBXGroup;
			children = (
				925278AD301362B700D53B2B /* ExplorePlaceholderView.swift */,
				925278AE301362B700D53B2B /* MainTabsView.swift */,
				925278AF301362B700D53B2B /* RecordsPlaceholderView.swift */,
			);
			path = Home;
			sourceTree = "<group>";
		};
		925278B5301362B700D53B2B /* Components */ = {
			isa = PBXGroup;
			children = (
				925278B1301362B700D53B2B /* AuthColors.swift */,
				925278B2301362B700D53B2B /* AuthComponents.swift */,
				925278B3301362B700D53B2B /* LegalContent.swift */,
				925278B4301362B700D53B2B /* SnackbarView.swift */,
			);
			path = Components;
			sourceTree = "<group>";
		};
		925278C1301362B700D53B2B /* Views */ = {
			isa = PBXGroup;
			children = (
				925278B6301362B700D53B2B /* EmailRegisterView.swift */,
				925278B7301362B700D53B2B /* EntranceView.swift */,
				925278B8301362B700D53B2B /* ForgotPasswordView.swift */,
				925278B9301362B700D53B2B /* LegalDocumentView.swift */,
				925278BA301362B700D53B2B /* LoginPageView.swift */,
				925278BB301362B700D53B2B /* PasswordSetupView.swift */,
				925278BC301362B700D53B2B /* PhoneRegisterView.swift */,
				925278BD301362B700D53B2B /* ProfileCompletionView.swift */,
				925278BE301362B700D53B2B /* ResetPasswordView.swift */,
				925278BF301362B700D53B2B /* SignedInView.swift */,
				925278C0301362B700D53B2B /* VerifyCodeView.swift */,
			);
			path = Views;
			sourceTree = "<group>";
		};
		925278C5301362B700D53B2B /* Login */ = {
			isa = PBXGroup;
			children = (
				925278B5301362B700D53B2B /* Components */,
				925278C1301362B700D53B2B /* Views */,
				925278C2301362B700D53B2B /* AuthCoordinator.swift */,
				925278C3301362B700D53B2B /* LoginViewModel.swift */,
				925278C4301362B700D53B2B /* SharedLoginAdapter.swift */,
			);
			path = Login;
			sourceTree = "<group>";
		};
		925278C8301362B700D53B2B /* Fonts */ = {
			isa = PBXGroup;
			children = (
				925278C6301362B700D53B2B /* COROS-APP-Bold.ttf */,
				925278C7301362B700D53B2B /* COROS-APP-Regular.ttf */,
			);
			path = Fonts;
			sourceTree = "<group>";
		};
		925278CD301362B700D53B2B /* Resources */ = {
			isa = PBXGroup;
			children = (
				925278C8301362B700D53B2B /* Fonts */,
				925278C9301362B700D53B2B /* AppResources.swift */,
				925278CA301362B700D53B2B /* home.mp4 */,
				925278CB301362B700D53B2B /* Localizable.xcstrings */,
				925278CC301362B700D53B2B /* watch_status.json */,
			);
			path = Resources;
			sourceTree = "<group>";
		};
		925278D2301362B700D53B2B /* iosApp */ = {
			isa = PBXGroup;
			children = (
				9252788F301362B700D53B2B /* Account */,
				925278AC301362B700D53B2B /* Health */,
				925278B0301362B700D53B2B /* Home */,
				925278C5301362B700D53B2B /* Login */,
				925278CD301362B700D53B2B /* Resources */,
				925278CE301362B700D53B2B /* Assets.xcassets */,
				925278CF301362B700D53B2B /* ContentView.swift */,
				925278D0301362B700D53B2B /* IOSDemoApp.swift */,
				925278D1301362B700D53B2B /* LaunchScreen.storyboard */,
			);
			path = iosApp;
			sourceTree = "<group>";
		};
		A40000000000000000000001 = {
			isa = PBXGroup;
			children = (
				925278D2301362B700D53B2B /* iosApp */,
				A40000000000000000000004 /* Products */,
			);
			sourceTree = "<group>";
		};
		A40000000000000000000004 /* Products */ = {
			isa = PBXGroup;
			children = (
				A20000000000000000000007 /* IOSDemo.app */,
			);
			name = Products;
			sourceTree = "<group>";
		};
/* End PBXGroup section */

/* Begin PBXNativeTarget section */
		A50000000000000000000001 /* IOSDemo */ = {
			isa = PBXNativeTarget;
			buildConfigurationList = A90000000000000000000003 /* Build configuration list for PBXNativeTarget "IOSDemo" */;
			buildPhases = (
				A80000000000000000000002 /* Build Shared KMP Framework */,
				A70000000000000000000001 /* Sources */,
				A30000000000000000000001 /* Frameworks */,
				A80000000000000000000001 /* Resources */,
			);
			buildRules = (
			);
			dependencies = (
			);
			name = IOSDemo;
			productName = IOSDemo;
			productReference = A20000000000000000000007 /* IOSDemo.app */;
			productType = "com.apple.product-type.application";
		};
/* End PBXNativeTarget section */

/* Begin PBXProject section */
		A60000000000000000000001 /* Project object */ = {
			isa = PBXProject;
			attributes = {
				BuildIndependentTargetsInParallel = 1;
				LastSwiftUpdateCheck = 1500;
				LastUpgradeCheck = 1500;
				TargetAttributes = {
					A50000000000000000000001 = {
						CreatedOnToolsVersion = 15.0;
					};
				};
			};
			buildConfigurationList = A90000000000000000000001 /* Build configuration list for PBXProject "iosApp" */;
			compatibilityVersion = "Xcode 14.0";
			developmentRegion = en;
			hasScannedForEncodings = 0;
			knownRegions = (
				en,
				Base,
			);
			mainGroup = A40000000000000000000001;
			packageReferences = (
				921197F5300879E1008AB802 /* XCRemoteSwiftPackageReference "lottie-spm" */,
			);
			productRefGroup = A40000000000000000000004 /* Products */;
			projectDirPath = "";
			projectRoot = "";
			targets = (
				A50000000000000000000001 /* IOSDemo */,
			);
		};
/* End PBXProject section */

/* Begin PBXResourcesBuildPhase section */
		A80000000000000000000001 /* Resources */ = {
			isa = PBXResourcesBuildPhase;
			buildActionMask = 2147483647;
			files = (
				BF5278C6301362B700D53B2B /* COROS-APP-Bold.ttf in Resources */,
				BF5278C7301362B700D53B2B /* COROS-APP-Regular.ttf in Resources */,
				BF5278CA301362B700D53B2B /* home.mp4 in Resources */,
				BF5278CB301362B700D53B2B /* Localizable.xcstrings in Resources */,
				BF5278CC301362B700D53B2B /* watch_status.json in Resources */,
				BF5278CE301362B700D53B2B /* Assets.xcassets in Resources */,
				BF5278D1301362B700D53B2B /* LaunchScreen.storyboard in Resources */,
			);
			runOnlyForDeploymentPostprocessing = 0;
		};
/* End PBXResourcesBuildPhase section */

/* Begin PBXShellScriptBuildPhase section */
		A80000000000000000000002 /* Build Shared KMP Framework */ = {
			isa = PBXShellScriptBuildPhase;
			buildActionMask = 2147483647;
			files = (
			);
			inputFileListPaths = (
			);
			inputPaths = (
			);
			name = "Build Shared KMP Framework";
			outputFileListPaths = (
			);
			outputPaths = (
			);
			runOnlyForDeploymentPostprocessing = 0;
			shellPath = /bin/sh;
			shellScript = "cd \"$SRCROOT/..\"\n./gradlew :common:embedAndSignAppleFrameworkForXcode\n";
		};
/* End PBXShellScriptBuildPhase section */

/* Begin PBXSourcesBuildPhase section */
		A70000000000000000000001 /* Sources */ = {
			isa = PBXSourcesBuildPhase;
			buildActionMask = 2147483647;
			files = (
				BF52788E301362B700D53B2B /* AccountView.swift in Sources */,
				BF527890301362B700D53B2B /* ActivityView.swift in Sources */,
				BF527891301362B700D53B2B /* BodyView.swift in Sources */,
				BF527892301362B700D53B2B /* GaugeView.swift in Sources */,
				BF527893301362B700D53B2B /* HealthCardHelpers.swift in Sources */,
				BF527894301362B700D53B2B /* HealthGridView.swift in Sources */,
				BF527895301362B700D53B2B /* MiniBarsView.swift in Sources */,
				BF527896301362B700D53B2B /* RangeView.swift in Sources */,
				BF527897301362B700D53B2B /* SleepView.swift in Sources */,
				BF527898301362B700D53B2B /* TrainingAssessmentView.swift in Sources */,
				BF527899301362B700D53B2B /* TrainingLoadView.swift in Sources */,
				BF52789A301362B700D53B2B /* TrendView.swift in Sources */,
				BF52789B301362B700D53B2B /* WeeklyPlanView.swift in Sources */,
				BF52789D301362B700D53B2B /* HeroArcView.swift in Sources */,
				BF52789E301362B700D53B2B /* HeroTopRow.swift in Sources */,
				BF52789F301362B700D53B2B /* ScenarioPickerView.swift in Sources */,
				BF5278A0301362B700D53B2B /* ScrollViewPanObserver.swift in Sources */,
				BF5278A3301362B700D53B2B /* HealthDetailView.swift in Sources */,
				BF5278A5301362B700D53B2B /* HealthCardEditor.swift in Sources */,
				BF5278A6301362B700D53B2B /* ScrollViewAccessor.swift in Sources */,
				BF5278A8301362B700D53B2B /* HealthCard.swift in Sources */,
				BF5278A9301362B700D53B2B /* HealthDashboardView.swift in Sources */,
				BF5278AA301362B700D53B2B /* HealthDashboardViewModel.swift in Sources */,
				BF5278AD301362B700D53B2B /* ExplorePlaceholderView.swift in Sources */,
				BF5278AE301362B700D53B2B /* MainTabsView.swift in Sources */,
				BF5278AF301362B700D53B2B /* RecordsPlaceholderView.swift in Sources */,
				BF5278B1301362B700D53B2B /* AuthColors.swift in Sources */,
				BF5278B2301362B700D53B2B /* AuthComponents.swift in Sources */,
				BF5278B3301362B700D53B2B /* LegalContent.swift in Sources */,
				BF5278B4301362B700D53B2B /* SnackbarView.swift in Sources */,
				BF5278B6301362B700D53B2B /* EmailRegisterView.swift in Sources */,
				BF5278B7301362B700D53B2B /* EntranceView.swift in Sources */,
				BF5278B8301362B700D53B2B /* ForgotPasswordView.swift in Sources */,
				BF5278B9301362B700D53B2B /* LegalDocumentView.swift in Sources */,
				BF5278BA301362B700D53B2B /* LoginPageView.swift in Sources */,
				BF5278BB301362B700D53B2B /* PasswordSetupView.swift in Sources */,
				BF5278BC301362B700D53B2B /* PhoneRegisterView.swift in Sources */,
				BF5278BD301362B700D53B2B /* ProfileCompletionView.swift in Sources */,
				BF5278BE301362B700D53B2B /* ResetPasswordView.swift in Sources */,
				BF5278BF301362B700D53B2B /* SignedInView.swift in Sources */,
				BF5278C0301362B700D53B2B /* VerifyCodeView.swift in Sources */,
				BF5278C2301362B700D53B2B /* AuthCoordinator.swift in Sources */,
				BF5278C3301362B700D53B2B /* LoginViewModel.swift in Sources */,
				BF5278C4301362B700D53B2B /* SharedLoginAdapter.swift in Sources */,
				BF5278C9301362B700D53B2B /* AppResources.swift in Sources */,
				BF5278CF301362B700D53B2B /* ContentView.swift in Sources */,
				BF5278D0301362B700D53B2B /* IOSDemoApp.swift in Sources */,
			);
			runOnlyForDeploymentPostprocessing = 0;
		};
/* End PBXSourcesBuildPhase section */

/* Begin XCBuildConfiguration section */
		A90000000000000000000002 /* Debug */ = {
			isa = XCBuildConfiguration;
			buildSettings = {
				ALWAYS_SEARCH_USER_PATHS = NO;
				CLANG_ANALYZER_NONNULL = YES;
				CLANG_ANALYZER_NUMBER_OBJECT_CONVERSION = YES_AGGRESSIVE;
				CLANG_CXX_LANGUAGE_STANDARD = "gnu++20";
				CLANG_ENABLE_MODULES = YES;
				CLANG_ENABLE_OBJC_ARC = YES;
				CLANG_ENABLE_OBJC_WEAK = YES;
				CLANG_WARN_BLOCK_CAPTURE_AUTORELEASING = YES;
				CLANG_WARN_BOOL_CONVERSION = YES;
				CLANG_WARN_COMMA = YES;
				CLANG_WARN_CONSTANT_CONVERSION = YES;
				CLANG_WARN_DEPRECATED_OBJC_IMPLEMENTATIONS = YES;
				CLANG_WARN_DIRECT_OBJC_ISA_USAGE = YES_ERROR;
				CLANG_WARN_DOCUMENTATION_COMMENTS = YES;
				CLANG_WARN_EMPTY_BODY = YES;
				CLANG_WARN_ENUM_CONVERSION = YES;
				CLANG_WARN_INFINITE_RECURSION = YES;
				CLANG_WARN_INT_CONVERSION = YES;
				CLANG_WARN_NON_LITERAL_NULL_CONVERSION = YES;
				CLANG_WARN_OBJC_IMPLICIT_RETAIN_SELF = YES;
				CLANG_WARN_OBJC_LITERAL_CONVERSION = YES;
				CLANG_WARN_OBJC_ROOT_CLASS = YES_ERROR;
				CLANG_WARN_QUOTED_INCLUDE_IN_FRAMEWORK_HEADER = YES;
				CLANG_WARN_RANGE_LOOP_ANALYSIS = YES;
				CLANG_WARN_STRICT_PROTOTYPES = YES;
				CLANG_WARN_SUSPICIOUS_MOVE = YES;
				CLANG_WARN_UNGUARDED_AVAILABILITY = YES_AGGRESSIVE;
				CLANG_WARN_UNREACHABLE_CODE = YES;
				CLANG_WARN__DUPLICATE_METHOD_MATCH = YES;
				COPY_PHASE_STRIP = NO;
				DEBUG_INFORMATION_FORMAT = dwarf;
				ENABLE_STRICT_OBJC_MSGSEND = YES;
				ENABLE_TESTABILITY = YES;
				ENABLE_USER_SCRIPT_SANDBOXING = YES;
				GCC_C_LANGUAGE_STANDARD = gnu17;
				GCC_DYNAMIC_NO_PIC = NO;
				GCC_NO_COMMON_BLOCKS = YES;
				GCC_OPTIMIZATION_LEVEL = 0;
				GCC_PREPROCESSOR_DEFINITIONS = (
					"DEBUG=1",
					"$(inherited)",
				);
				GCC_WARN_64_TO_32_BIT_CONVERSION = YES;
				GCC_WARN_ABOUT_RETURN_TYPE = YES_ERROR;
				GCC_WARN_UNDECLARED_SELECTOR = YES;
				GCC_WARN_UNINITIALIZED_AUTOS = YES_AGGRESSIVE;
				GCC_WARN_UNUSED_FUNCTION = YES;
				GCC_WARN_UNUSED_VARIABLE = YES;
				IPHONEOS_DEPLOYMENT_TARGET = 17.0;
				MTL_ENABLE_DEBUG_INFO = INCLUDE_SOURCE;
				MTL_FAST_MATH = YES;
				ONLY_ACTIVE_ARCH = YES;
				SDKROOT = iphoneos;
				SWIFT_ACTIVE_COMPILATION_CONDITIONS = DEBUG;
				SWIFT_OPTIMIZATION_LEVEL = "-Onone";
			};
			name = Debug;
		};
		A90000000000000000000004 /* Release */ = {
			isa = XCBuildConfiguration;
			buildSettings = {
				ALWAYS_SEARCH_USER_PATHS = NO;
				CLANG_ANALYZER_NONNULL = YES;
				CLANG_ANALYZER_NUMBER_OBJECT_CONVERSION = YES_AGGRESSIVE;
				CLANG_CXX_LANGUAGE_STANDARD = "gnu++20";
				CLANG_ENABLE_MODULES = YES;
				CLANG_ENABLE_OBJC_ARC = YES;
				CLANG_ENABLE_OBJC_WEAK = YES;
				CLANG_WARN_BLOCK_CAPTURE_AUTORELEASING = YES;
				CLANG_WARN_BOOL_CONVERSION = YES;
				CLANG_WARN_COMMA = YES;
				CLANG_WARN_CONSTANT_CONVERSION = YES;
				CLANG_WARN_DEPRECATED_OBJC_IMPLEMENTATIONS = YES;
				CLANG_WARN_DIRECT_OBJC_ISA_USAGE = YES_ERROR;
				CLANG_WARN_DOCUMENTATION_COMMENTS = YES;
				CLANG_WARN_EMPTY_BODY = YES;
				CLANG_WARN_ENUM_CONVERSION = YES;
				CLANG_WARN_INFINITE_RECURSION = YES;
				CLANG_WARN_INT_CONVERSION = YES;
				CLANG_WARN_NON_LITERAL_NULL_CONVERSION = YES;
				CLANG_WARN_OBJC_IMPLICIT_RETAIN_SELF = YES;
				CLANG_WARN_OBJC_LITERAL_CONVERSION = YES;
				CLANG_WARN_OBJC_ROOT_CLASS = YES_ERROR;
				CLANG_WARN_QUOTED_INCLUDE_IN_FRAMEWORK_HEADER = YES;
				CLANG_WARN_RANGE_LOOP_ANALYSIS = YES;
				CLANG_WARN_STRICT_PROTOTYPES = YES;
				CLANG_WARN_SUSPICIOUS_MOVE = YES;
				CLANG_WARN_UNGUARDED_AVAILABILITY = YES_AGGRESSIVE;
				CLANG_WARN_UNREACHABLE_CODE = YES;
				CLANG_WARN__DUPLICATE_METHOD_MATCH = YES;
				COPY_PHASE_STRIP = NO;
				DEBUG_INFORMATION_FORMAT = "dwarf-with-dsym";
				ENABLE_NS_ASSERTIONS = NO;
				ENABLE_STRICT_OBJC_MSGSEND = YES;
				ENABLE_USER_SCRIPT_SANDBOXING = YES;
				GCC_C_LANGUAGE_STANDARD = gnu17;
				GCC_NO_COMMON_BLOCKS = YES;
				GCC_WARN_64_TO_32_BIT_CONVERSION = YES;
				GCC_WARN_ABOUT_RETURN_TYPE = YES_ERROR;
				GCC_WARN_UNDECLARED_SELECTOR = YES;
				GCC_WARN_UNINITIALIZED_AUTOS = YES_AGGRESSIVE;
				GCC_WARN_UNUSED_FUNCTION = YES;
				GCC_WARN_UNUSED_VARIABLE = YES;
				IPHONEOS_DEPLOYMENT_TARGET = 17.0;
				MTL_ENABLE_DEBUG_INFO = NO;
				MTL_FAST_MATH = YES;
				SDKROOT = iphoneos;
				SWIFT_COMPILATION_MODE = wholemodule;
				SWIFT_OPTIMIZATION_LEVEL = "-O";
				VALIDATE_PRODUCT = YES;
			};
			name = Release;
		};
		A90000000000000000000005 /* Debug */ = {
			isa = XCBuildConfiguration;
			buildSettings = {
				ASSETCATALOG_COMPILER_APPICON_NAME = AppIcon;
				ASSETCATALOG_COMPILER_GLOBAL_ACCENT_COLOR_NAME = AccentColor;
				CODE_SIGN_STYLE = Automatic;
				CURRENT_PROJECT_VERSION = 1;
				DEVELOPMENT_TEAM = "";
				ENABLE_USER_SCRIPT_SANDBOXING = NO;
				FRAMEWORK_SEARCH_PATHS = (
					"$(inherited)",
					"$(SRCROOT)/../common/build/bin/iosSimulatorArm64/debugFramework",
					"$(SRCROOT)/../common/build/bin/iosX64/debugFramework",
					"$(SRCROOT)/../common/build/bin/iosArm64/debugFramework",
				);
				GENERATE_INFOPLIST_FILE = YES;
				INFOPLIST_KEY_CFBundleDisplayName = COROS_DEMO;
				INFOPLIST_KEY_UIAppFonts = "COROS-APP-Bold.ttf COROS-APP-Regular.ttf";
				INFOPLIST_KEY_UIApplicationSceneManifest_Generation = YES;
				INFOPLIST_KEY_UIApplicationSupportsIndirectInputEvents = YES;
				INFOPLIST_KEY_UILaunchScreen_Generation = NO;
				INFOPLIST_KEY_UILaunchStoryboardName = LaunchScreen;
				INFOPLIST_KEY_UISupportedInterfaceOrientations_iPad = "UIInterfaceOrientationPortrait UIInterfaceOrientationPortraitUpsideDown UIInterfaceOrientationLandscapeLeft UIInterfaceOrientationLandscapeRight";
				INFOPLIST_KEY_UISupportedInterfaceOrientations_iPhone = UIInterfaceOrientationPortrait;
				IPHONEOS_DEPLOYMENT_TARGET = 17.0;
				LD_RUNPATH_SEARCH_PATHS = (
					"$(inherited)",
					"@executable_path/Frameworks",
				);
				MARKETING_VERSION = 1.0;
				OTHER_LDFLAGS = (
					"$(inherited)",
					"-framework",
					Shared,
				);
				PRODUCT_BUNDLE_IDENTIFIER = com.example.demo.ios;
				PRODUCT_NAME = "$(TARGET_NAME)";
				SWIFT_EMIT_LOC_STRINGS = YES;
				SWIFT_VERSION = 5.0;
				TARGETED_DEVICE_FAMILY = "1,2";
			};
			name = Debug;
		};
		A90000000000000000000006 /* Release */ = {
			isa = XCBuildConfiguration;
			buildSettings = {
				ASSETCATALOG_COMPILER_APPICON_NAME = AppIcon;
				ASSETCATALOG_COMPILER_GLOBAL_ACCENT_COLOR_NAME = AccentColor;
				CODE_SIGN_STYLE = Automatic;
				CURRENT_PROJECT_VERSION = 1;
				DEVELOPMENT_TEAM = "";
				ENABLE_USER_SCRIPT_SANDBOXING = NO;
				FRAMEWORK_SEARCH_PATHS = (
					"$(inherited)",
					"$(SRCROOT)/../common/build/bin/iosSimulatorArm64/releaseFramework",
					"$(SRCROOT)/../common/build/bin/iosX64/releaseFramework",
					"$(SRCROOT)/../common/build/bin/iosArm64/releaseFramework",
				);
				GENERATE_INFOPLIST_FILE = YES;
				INFOPLIST_KEY_CFBundleDisplayName = COROS_DEMO;
				INFOPLIST_KEY_UIAppFonts = "COROS-APP-Bold.ttf COROS-APP-Regular.ttf";
				INFOPLIST_KEY_UIApplicationSceneManifest_Generation = YES;
				INFOPLIST_KEY_UIApplicationSupportsIndirectInputEvents = YES;
				INFOPLIST_KEY_UILaunchScreen_Generation = NO;
				INFOPLIST_KEY_UILaunchStoryboardName = LaunchScreen;
				INFOPLIST_KEY_UISupportedInterfaceOrientations_iPad = "UIInterfaceOrientationPortrait UIInterfaceOrientationPortraitUpsideDown UIInterfaceOrientationLandscapeLeft UIInterfaceOrientationLandscapeRight";
				INFOPLIST_KEY_UISupportedInterfaceOrientations_iPhone = UIInterfaceOrientationPortrait;
				IPHONEOS_DEPLOYMENT_TARGET = 17.0;
				LD_RUNPATH_SEARCH_PATHS = (
					"$(inherited)",
					"@executable_path/Frameworks",
				);
				MARKETING_VERSION = 1.0;
				OTHER_LDFLAGS = (
					"$(inherited)",
					"-framework",
					Shared,
				);
				PRODUCT_BUNDLE_IDENTIFIER = com.example.demo.ios;
				PRODUCT_NAME = "$(TARGET_NAME)";
				SWIFT_EMIT_LOC_STRINGS = YES;
				SWIFT_VERSION = 5.0;
				TARGETED_DEVICE_FAMILY = "1,2";
			};
			name = Release;
		};
/* End XCBuildConfiguration section */

/* Begin XCConfigurationList section */
		A90000000000000000000001 /* Build configuration list for PBXProject "iosApp" */ = {
			isa = XCConfigurationList;
			buildConfigurations = (
				A90000000000000000000002 /* Debug */,
				A90000000000000000000004 /* Release */,
			);
			defaultConfigurationIsVisible = 0;
			defaultConfigurationName = Release;
		};
		A90000000000000000000003 /* Build configuration list for PBXNativeTarget "IOSDemo" */ = {
			isa = XCConfigurationList;
			buildConfigurations = (
				A90000000000000000000005 /* Debug */,
				A90000000000000000000006 /* Release */,
			);
			defaultConfigurationIsVisible = 0;
			defaultConfigurationName = Release;
		};
/* End XCConfigurationList section */

/* Begin XCRemoteSwiftPackageReference section */
		921197F5300879E1008AB802 /* XCRemoteSwiftPackageReference "lottie-spm" */ = {
			isa = XCRemoteSwiftPackageReference;
			repositoryURL = "https://github.com/airbnb/lottie-spm.git";
			requirement = {
				kind = upToNextMajorVersion;
				minimumVersion = 4.6.1;
			};
		};
/* End XCRemoteSwiftPackageReference section */

/* Begin XCSwiftPackageProductDependency section */
		921197F6300879E1008AB802 /* Lottie */ = {
			isa = XCSwiftPackageProductDependency;
			package = 921197F5300879E1008AB802 /* XCRemoteSwiftPackageReference "lottie-spm" */;
			productName = Lottie;
		};
/* End XCSwiftPackageProductDependency section */
	};
	rootObject = A60000000000000000000001 /* Project object */;
}
